
Microsoft Visual Studio Solution File, Format Version 12.00
# Visual Studio Version 17
VisualStudioVersion = 17.6.33723.286
MinimumVisualStudioVersion = 10.0.40219.1
Project("{9A19103F-16F7-4668-BE54-9A1E7A4F7556}") = "IPBeaver.Client", "IPBeaver.Client.csproj", "{8F33DEF1-B557-4E04-8BBB-76A78CBF7086}"
EndProject
Global
	GlobalSection(SolutionConfigurationPlatforms) = preSolution
		Debug|Any CPU = Debug|Any CPU
		Release|Any CPU = Release|Any CPU
	EndGlobalSection
	GlobalSection(ProjectConfigurationPlatforms) = postSolution
		{8F33DEF1-B557-4E04-8BBB-76A78CBF7086}.Debug|Any CPU.ActiveCfg = Debug|Any CPU
		{8F33DEF1-B557-4E04-8BBB-76A78CBF7086}.Debug|Any CPU.Build.0 = Debug|Any CPU
		{8F33DEF1-B557-4E04-8BBB-76A78CBF7086}.Release|Any CPU.ActiveCfg = Release|Any CPU
		{8F33DEF1-B557-4E04-8BBB-76A78CBF7086}.Release|Any CPU.Build.0 = Release|Any CPU
	EndGlobalSection
	GlobalSection(SolutionProperties) = preSolution
		HideSolutionNode = FALSE
	EndGlobalSection
	GlobalSection(ExtensibilityGlobals) = postSolution
		SolutionGuid = {38B9A58D-6941-4354-A5B0-D250911E0FD4}
	EndGlobalSection
EndGlobal
